
Microsoft Visual Studio Solution File, Format Version 12.00
# Visual Studio Version 17
VisualStudioVersion = 17.3.32901.215
MinimumVisualStudioVersion = 10.0.40219.1
Project("{FAE04EC0-301F-11D3-BF4B-00C04F79EFBC}") = "HueConsoleApp", "HueConsoleApp.csproj", "{A5CA0C28-8643-4054-B28A-5EC0AAB28EE1}"
EndProject
Global
	GlobalSection(SolutionConfigurationPlatforms) = preSolution
		Debug|Any CPU = Debug|Any CPU
		Release|Any CPU = Release|Any CPU
	EndGlobalSection
	GlobalSection(ProjectConfigurationPlatforms) = postSolution
		{A5CA0C28-8643-4054-B28A-5EC0AAB28EE1}.Debug|Any CPU.ActiveCfg = Debug|Any CPU
		{A5CA0C28-8643-4054-B28A-5EC0AAB28EE1}.Debug|Any CPU.Build.0 = Debug|Any CPU
		{A5CA0C28-8643-4054-B28A-5EC0AAB28EE1}.Release|Any CPU.ActiveCfg = Release|Any CPU
		{A5CA0C28-8643-4054-B28A-5EC0AAB28EE1}.Release|Any CPU.Build.0 = Release|Any CPU
	EndGlobalSection
	GlobalSection(SolutionProperties) = preSolution
		HideSolutionNode = FALSE
	EndGlobalSection
	GlobalSection(ExtensibilityGlobals) = postSolution
		SolutionGuid = {AAACAAFB-4F73-4425-8FE8-CE179D01BC9D}
	EndGlobalSection
EndGlobal
